Microsoft Visual Studio Solution File, Format Version 12.00
# Visual Studio Version 17
VisualStudioVersion = 17.5.2.0
MinimumVisualStudioVersion = 10.0.40219.1
Project("{FAE04EC0-301F-11D3-BF4B-00C04F79EFBC}") = "CsvWorker", "CsvWorker\CsvWorker.csproj", "{2D39F73D-C374-249B-32DC-9A6961B1909D}"
EndProject
Global
	GlobalSection(SolutionConfigurationPlatforms) = preSolution
		Debug|Any CPU = Debug|Any CPU
		Release|Any CPU = Release|Any CPU
	EndGlobalSection
	GlobalSection(ProjectConfigurationPlatforms) = postSolution
		{2D39F73D-C374-249B-32DC-9A6961B1909D}.Debug|Any CPU.ActiveCfg = Debug|Any CPU
		{2D39F73D-C374-249B-32DC-9A6961B1909D}.Debug|Any CPU.Build.0 = Debug|Any CPU
		{2D39F73D-C374-249B-32DC-9A6961B1909D}.Release|Any CPU.ActiveCfg = Release|Any CPU
		{2D39F73D-C374-249B-32DC-9A6961B1909D}.Release|Any CPU.Build.0 = Release|Any CPU
	EndGlobalSection
	GlobalSection(SolutionProperties) = preSolution
		HideSolutionNode = FALSE
	EndGlobalSection
	GlobalSection(ExtensibilityGlobals) = postSolution
		SolutionGuid = {373EC33D-F1CB-44AE-83AD-CF89C6DB99F8}
	EndGlobalSection
EndGlobal
